
Microsoft Visual Studio Solution File, Format Version 12.00
# Visual Studio Version 16
VisualStudioVersion = 16.0.31410.357
MinimumVisualStudioVersion = 10.0.40219.1
Project("{FAE04EC0-301F-11D3-BF4B-00C04F79EFBC}") = "AZS", "AZS\AZS.csproj", "{38BD7E73-5556-461F-8765-21C9EF76274A}"
EndProject
Global
	GlobalSection(SolutionConfigurationPlatforms) = preSolution
		Debug|Any CPU = Debug|Any CPU
		Release|Any CPU = Release|Any CPU
	EndGlobalSection
	GlobalSection(ProjectConfigurationPlatforms) = postSolution
		{38BD7E73-5556-461F-8765-21C9EF76274A}.Debug|Any CPU.ActiveCfg = Debug|Any CPU
		{38BD7E73-5556-461F-8765-21C9EF76274A}.Debug|Any CPU.Build.0 = Debug|Any CPU
		{38BD7E73-5556-461F-8765-21C9EF76274A}.Release|Any CPU.ActiveCfg = Release|Any CPU
		{38BD7E73-5556-461F-8765-21C9EF76274A}.Release|Any CPU.Build.0 = Release|Any CPU
	EndGlobalSection
	GlobalSection(SolutionProperties) = preSolution
		HideSolutionNode = FALSE
	EndGlobalSection
	GlobalSection(ExtensibilityGlobals) = postSolution
		SolutionGuid = {CA327482-CF37-48D1-97FC-F4E01404CF2E}
	EndGlobalSection
EndGlobal
